
Microsoft Visual Studio Solution File, Format Version 12.00
# Visual Studio Version 17
VisualStudioVersion = 17.0.31903.59
MinimumVisualStudioVersion = 10.0.40219.1
Project("{FAE04EC0-301F-11D3-BF4B-00C04F79EFBC}") = "WpfЗадание 10. Фигуры", "WpfЗадание 10. Фигуры\WpfЗадание 10. Фигуры.csproj", "{CACF3152-E71D-4705-BA01-FD1B69266A8E}"
EndProject
Global
	GlobalSection(SolutionConfigurationPlatforms) = preSolution
		Debug|Any CPU = Debug|Any CPU
		Release|Any CPU = Release|Any CPU
	EndGlobalSection
	GlobalSection(ProjectConfigurationPlatforms) = postSolution
		{CACF3152-E71D-4705-BA01-FD1B69266A8E}.Debug|Any CPU.ActiveCfg = Debug|Any CPU
		{CACF3152-E71D-4705-BA01-FD1B69266A8E}.Debug|Any CPU.Build.0 = Debug|Any CPU
		{CACF3152-E71D-4705-BA01-FD1B69266A8E}.Release|Any CPU.ActiveCfg = Release|Any CPU
		{CACF3152-E71D-4705-BA01-FD1B69266A8E}.Release|Any CPU.Build.0 = Release|Any CPU
	EndGlobalSection
	GlobalSection(SolutionProperties) = preSolution
		HideSolutionNode = FALSE
	EndGlobalSection
	GlobalSection(ExtensibilityGlobals) = postSolution
		SolutionGuid = {0F3B9775-C48E-48AD-9019-D3AEA55B0217}
	EndGlobalSection
EndGlobal
